# This file is automatically @generated by Cargo.
# It is not intended for manual editing.
version = 3

[[package]]
name = "engines"
version = "0.1.0"
dependencies = [
 "physics",
]

[[package]]
name = "game"
version = "0.1.0"
dependencies = [
 "engines",
 "linalg",
]

[[package]]
name = "linalg"
version = "0.1.0"

[[package]]
name = "physics"
version = "0.1.3"
dependencies = [
 "linalg",
]
