# This file is automatically @generated by Cargo.
# It is not intended for manual editing.
version = 3

[[package]]
name = "game"
version = "0.1.0"
dependencies = [
 "linalg",
 "physics",
]

[[package]]
name = "linalg"
version = "0.1.0"

[[package]]
name = "physics"
version = "0.1.0"
dependencies = [
 "linalg",
]
